// !$*UTF8*$!
{
	archiveVersion = 1;
	classes = {
	};
	objectVersion = 55;
	objects = {

/* Begin PBXBuildFile section */
		D75FC0B927EE31FC0055A126 /* main.cpp in Sources */ = {isa = PBXBuildFile; fileRef = D75FC0B827EE31FC0055A126 /* main.cpp */; };
		D75FC0C327EE32B20055A126 /* Circuit.cpp in Sources */ = {isa = PBXBuildFile; fileRef = D75FC0C127EE32B20055A126 /* Circuit.cpp */; };
		D75FC0C727EE36330055A126 /* Dacia.cpp in Sources */ = {isa = PBXBuildFile; fileRef = D75FC0C527EE36330055A126 /* Dacia.cpp */; };
		D75FC0CA27EE36410055A126 /* Toyota.cpp in Sources */ = {isa = PBXBuildFile; fileRef = D75FC0C827EE36410055A126 /* Toyota.cpp */; };
		D75FC0CD27EE364B0055A126 /* Mercedes.cpp in Sources */ = {isa = PBXBuildFile; fileRef = D75FC0CB27EE364B0055A126 /* Mercedes.cpp */; };
		D75FC0D027EE36550055A126 /* Ford.cpp in Sources */ = {isa = PBXBuildFile; fileRef = D75FC0CE27EE36550055A126 /* Ford.cpp */; };
		D75FC0D327EE36670055A126 /* Mazda.cpp in Sources */ = {isa = PBXBuildFile; fileRef = D75FC0D127EE36670055A126 /* Mazda.cpp */; };
/* End PBXBuildFile section */

/* Begin PBXCopyFilesBuildPhase section */
		D75FC0B327EE31FC0055A126 /* CopyFiles */ = {
			isa = PBXCopyFilesBuildPhase;
			buildActionMask = 2147483647;
			dstPath = /usr/share/man/man1/;
			dstSubfolderSpec = 0;
			files = (
			);
			runOnlyForDeploymentPostprocessing = 1;
		};
/* End PBXCopyFilesBuildPhase section */

/* Begin PBXFileReference section */
		D75FC0B527EE31FC0055A126 /* tema6 */ = {isa = PBXFileReference; explicitFileType = "compiled.mach-o.executable"; includeInIndex = 0; path = tema6; sourceTree = BUILT_PRODUCTS_DIR; };
		D75FC0B827EE31FC0055A126 /* main.cpp */ = {isa = PBXFileReference; lastKnownFileType = sourcecode.cpp.cpp; path = main.cpp; sourceTree = "<group>"; };
		D75FC0BF27EE32410055A126 /* Car.hpp */ = {isa = PBXFileReference; lastKnownFileType = sourcecode.cpp.h; path = Car.hpp; sourceTree = "<group>"; };
		D75FC0C027EE32860055A126 /* WeatherCondition.hpp */ = {isa = PBXFileReference; lastKnownFileType = sourcecode.cpp.h; path = WeatherCondition.hpp; sourceTree = "<group>"; };
		D75FC0C127EE32B20055A126 /* Circuit.cpp */ = {isa = PBXFileReference; lastKnownFileType = sourcecode.cpp.cpp; path = Circuit.cpp; sourceTree = "<group>"; };
		D75FC0C227EE32B20055A126 /* Circuit.hpp */ = {isa = PBXFileReference; lastKnownFileType = sourcecode.cpp.h; path = Circuit.hpp; sourceTree = "<group>"; };
		D75FC0C527EE36330055A126 /* Dacia.cpp */ = {isa = PBXFileReference; lastKnownFileType = sourcecode.cpp.cpp; path = Dacia.cpp; sourceTree = "<group>"; };
		D75FC0C627EE36330055A126 /* Dacia.hpp */ = {isa = PBXFileReference; lastKnownFileType = sourcecode.cpp.h; path = Dacia.hpp; sourceTree = "<group>"; };
		D75FC0C827EE36410055A126 /* Toyota.cpp */ = {isa = PBXFileReference; lastKnownFileType = sourcecode.cpp.cpp; path = Toyota.cpp; sourceTree = "<group>"; };
		D75FC0C927EE36410055A126 /* Toyota.hpp */ = {isa = PBXFileReference; lastKnownFileType = sourcecode.cpp.h; path = Toyota.hpp; sourceTree = "<group>"; };
		D75FC0CB27EE364B0055A126 /* Mercedes.cpp */ = {isa = PBXFileReference; lastKnownFileType = sourcecode.cpp.cpp; path = Mercedes.cpp; sourceTree = "<group>"; };
		D75FC0CC27EE364B0055A126 /* Mercedes.hpp */ = {isa = PBXFileReference; lastKnownFileType = sourcecode.cpp.h; path = Mercedes.hpp; sourceTree = "<group>"; };
		D75FC0CE27EE36550055A126 /* Ford.cpp */ = {isa = PBXFileReference; lastKnownFileType = sourcecode.cpp.cpp; path = Ford.cpp; sourceTree = "<group>"; };
		D75FC0CF27EE36550055A126 /* Ford.hpp */ = {isa = PBXFileReference; lastKnownFileType = sourcecode.cpp.h; path = Ford.hpp; sourceTree = "<group>"; };
		D75FC0D127EE36670055A126 /* Mazda.cpp */ = {isa = PBXFileReference; lastKnownFileType = sourcecode.cpp.cpp; path = Mazda.cpp; sourceTree = "<group>"; };
		D75FC0D227EE36670055A126 /* Mazda.hpp */ = {isa = PBXFileReference; lastKnownFileType = sourcecode.cpp.h; path = Mazda.hpp; sourceTree = "<group>"; };
/* End PBXFileReference section */

/* Begin PBXFrameworksBuildPhase section */
		D75FC0B227EE31FC0055A126 /* Frameworks */ = {
			isa = PBXFrameworksBuildPhase;
			buildActionMask = 2147483647;
			files = (
			);
			runOnlyForDeploymentPostprocessing = 0;
		};
/* End PBXFrameworksBuildPhase section */

/* Begin PBXGroup section */
		D75FC0AC27EE31FC0055A126 = {
			isa = PBXGroup;
			children = (
				D75FC0B727EE31FC0055A126 /* tema6 */,
				D75FC0B627EE31FC0055A126 /* Products */,
			);
			sourceTree = "<group>";
		};
		D75FC0B627EE31FC0055A126 /* Products */ = {
			isa = PBXGroup;
			children = (
				D75FC0B527EE31FC0055A126 /* tema6 */,
			);
			name = Products;
			sourceTree = "<group>";
		};
		D75FC0B727EE31FC0055A126 /* tema6 */ = {
			isa = PBXGroup;
			children = (
				D75FC0C427EE36260055A126 /* CarTypes */,
				D75FC0B827EE31FC0055A126 /* main.cpp */,
				D75FC0BF27EE32410055A126 /* Car.hpp */,
				D75FC0C027EE32860055A126 /* WeatherCondition.hpp */,
				D75FC0C127EE32B20055A126 /* Circuit.cpp */,
				D75FC0C227EE32B20055A126 /* Circuit.hpp */,
			);
			path = tema6;
			sourceTree = "<group>";
		};
		D75FC0C427EE36260055A126 /* CarTypes */ = {
			isa = PBXGroup;
			children = (
				D75FC0C527EE36330055A126 /* Dacia.cpp */,
				D75FC0C627EE36330055A126 /* Dacia.hpp */,
				D75FC0C827EE36410055A126 /* Toyota.cpp */,
				D75FC0C927EE36410055A126 /* Toyota.hpp */,
				D75FC0CB27EE364B0055A126 /* Mercedes.cpp */,
				D75FC0CC27EE364B0055A126 /* Mercedes.hpp */,
				D75FC0CE27EE36550055A126 /* Ford.cpp */,
				D75FC0CF27EE36550055A126 /* Ford.hpp */,
				D75FC0D127EE36670055A126 /* Mazda.cpp */,
				D75FC0D227EE36670055A126 /* Mazda.hpp */,
			);
			name = CarTypes;
			sourceTree = "<group>";
		};
/* End PBXGroup section */

/* Begin PBXNativeTarget section */
		D75FC0B427EE31FC0055A126 /* tema6 */ = {
			isa = PBXNativeTarget;
			buildConfigurationList = D75FC0BC27EE31FC0055A126 /* Build configuration list for PBXNativeTarget "tema6" */;
			buildPhases = (
				D75FC0B127EE31FC0055A126 /* Sources */,
				D75FC0B227EE31FC0055A126 /* Frameworks */,
				D75FC0B327EE31FC0055A126 /* CopyFiles */,
			);
			buildRules = (
			);
			dependencies = (
			);
			name = tema6;
			productName = tema6;
			productReference = D75FC0B527EE31FC0055A126 /* tema6 */;
			productType = "com.apple.product-type.tool";
		};
/* End PBXNativeTarget section */

/* Begin PBXProject section */
		D75FC0AD27EE31FC0055A126 /* Project object */ = {
			isa = PBXProject;
			attributes = {
				BuildIndependentTargetsInParallel = 1;
				LastUpgradeCheck = 1330;
				TargetAttributes = {
					D75FC0B427EE31FC0055A126 = {
						CreatedOnToolsVersion = 13.3;
					};
				};
			};
			buildConfigurationList = D75FC0B027EE31FC0055A126 /* Build configuration list for PBXProject "tema6" */;
			compatibilityVersion = "Xcode 13.0";
			developmentRegion = en;
			hasScannedForEncodings = 0;
			knownRegions = (
				en,
				Base,
			);
			mainGroup = D75FC0AC27EE31FC0055A126;
			productRefGroup = D75FC0B627EE31FC0055A126 /* Products */;
			projectDirPath = "";
			projectRoot = "";
			targets = (
				D75FC0B427EE31FC0055A126 /* tema6 */,
			);
		};
/* End PBXProject section */

/* Begin PBXSourcesBuildPhase section */
		D75FC0B127EE31FC0055A126 /* Sources */ = {
			isa = PBXSourcesBuildPhase;
			buildActionMask = 2147483647;
			files = (
				D75FC0D027EE36550055A126 /* Ford.cpp in Sources */,
				D75FC0D327EE36670055A126 /* Mazda.cpp in Sources */,
				D75FC0B927EE31FC0055A126 /* main.cpp in Sources */,
				D75FC0C327EE32B20055A126 /* Circuit.cpp in Sources */,
				D75FC0C727EE36330055A126 /* Dacia.cpp in Sources */,
				D75FC0CA27EE36410055A126 /* Toyota.cpp in Sources */,
				D75FC0CD27EE364B0055A126 /* Mercedes.cpp in Sources */,
			);
			runOnlyForDeploymentPostprocessing = 0;
		};
/* End PBXSourcesBuildPhase section */

/* Begin XCBuildConfiguration section */
		D75FC0BA27EE31FC0055A126 /* Debug */ = {
			isa = XCBuildConfiguration;
			buildSettings = {
				ALWAYS_SEARCH_USER_PATHS = NO;
				CLANG_ANALYZER_NONNULL = YES;
				CLANG_ANALYZER_NUMBER_OBJECT_CONVERSION = YES_AGGRESSIVE;
				CLANG_CXX_LANGUAGE_STANDARD = "gnu++17";
				CLANG_ENABLE_MODULES = YES;
				CLANG_ENABLE_OBJC_ARC = YES;
				CLANG_ENABLE_OBJC_WEAK = YES;
				CLANG_WARN_BLOCK_CAPTURE_AUTORELEASING = YES;
				CLANG_WARN_BOOL_CONVERSION = YES;
				CLANG_WARN_COMMA = YES;
				CLANG_WARN_CONSTANT_CONVERSION = YES;
				CLANG_WARN_DEPRECATED_OBJC_IMPLEMENTATIONS = YES;
				CLANG_WARN_DIRECT_OBJC_ISA_USAGE = YES_ERROR;
				CLANG_WARN_DOCUMENTATION_COMMENTS = YES;
				CLANG_WARN_EMPTY_BODY = YES;
				CLANG_WARN_ENUM_CONVERSION = YES;
				CLANG_WARN_INFINITE_RECURSION = YES;
				CLANG_WARN_INT_CONVERSION = YES;
				CLANG_WARN_NON_LITERAL_NULL_CONVERSION = YES;
				CLANG_WARN_OBJC_IMPLICIT_RETAIN_SELF = YES;
				CLANG_WARN_OBJC_LITERAL_CONVERSION = YES;
				CLANG_WARN_OBJC_ROOT_CLASS = YES_ERROR;
				CLANG_WARN_QUOTED_INCLUDE_IN_FRAMEWORK_HEADER = YES;
				CLANG_WARN_RANGE_LOOP_ANALYSIS = YES;
				CLANG_WARN_STRICT_PROTOTYPES = YES;
				CLANG_WARN_SUSPICIOUS_MOVE = YES;
				CLANG_WARN_UNGUARDED_AVAILABILITY = YES_AGGRESSIVE;
				CLANG_WARN_UNREACHABLE_CODE = YES;
				CLANG_WARN__DUPLICATE_METHOD_MATCH = YES;
				COPY_PHASE_STRIP = NO;
				DEBUG_INFORMATION_FORMAT = dwarf;
				ENABLE_STRICT_OBJC_MSGSEND = YES;
				ENABLE_TESTABILITY = YES;
				GCC_C_LANGUAGE_STANDARD = gnu11;
				GCC_DYNAMIC_NO_PIC = NO;
				GCC_NO_COMMON_BLOCKS = YES;
				GCC_OPTIMIZATION_LEVEL = 0;
				GCC_PREPROCESSOR_DEFINITIONS = (
					"DEBUG=1",
					"$(inherited)",
				);
				GCC_WARN_64_TO_32_BIT_CONVERSION = YES;
				GCC_WARN_ABOUT_RETURN_TYPE = YES_ERROR;
				GCC_WARN_UNDECLARED_SELECTOR = YES;
				GCC_WARN_UNINITIALIZED_AUTOS = YES_AGGRESSIVE;
				GCC_WARN_UNUSED_FUNCTION = YES;
				GCC_WARN_UNUSED_VARIABLE = YES;
				MACOSX_DEPLOYMENT_TARGET = 12.3;
				MTL_ENABLE_DEBUG_INFO = INCLUDE_SOURCE;
				MTL_FAST_MATH = YES;
				ONLY_ACTIVE_ARCH = YES;
				SDKROOT = macosx;
			};
			name = Debug;
		};
		D75FC0BB27EE31FC0055A126 /* Release */ = {
			isa = XCBuildConfiguration;
			buildSettings = {
				ALWAYS_SEARCH_USER_PATHS = NO;
				CLANG_ANALYZER_NONNULL = YES;
				CLANG_ANALYZER_NUMBER_OBJECT_CONVERSION = YES_AGGRESSIVE;
				CLANG_CXX_LANGUAGE_STANDARD = "gnu++17";
				CLANG_ENABLE_MODULES = YES;
				CLANG_ENABLE_OBJC_ARC = YES;
				CLANG_ENABLE_OBJC_WEAK = YES;
				CLANG_WARN_BLOCK_CAPTURE_AUTORELEASING = YES;
				CLANG_WARN_BOOL_CONVERSION = YES;
				CLANG_WARN_COMMA = YES;
				CLANG_WARN_CONSTANT_CONVERSION = YES;
				CLANG_WARN_DEPRECATED_OBJC_IMPLEMENTATIONS = YES;
				CLANG_WARN_DIRECT_OBJC_ISA_USAGE = YES_ERROR;
				CLANG_WARN_DOCUMENTATION_COMMENTS = YES;
				CLANG_WARN_EMPTY_BODY = YES;
				CLANG_WARN_ENUM_CONVERSION = YES;
				CLANG_WARN_INFINITE_RECURSION = YES;
				CLANG_WARN_INT_CONVERSION = YES;
				CLANG_WARN_NON_LITERAL_NULL_CONVERSION = YES;
				CLANG_WARN_OBJC_IMPLICIT_RETAIN_SELF = YES;
				CLANG_WARN_OBJC_LITERAL_CONVERSION = YES;
				CLANG_WARN_OBJC_ROOT_CLASS = YES_ERROR;
				CLANG_WARN_QUOTED_INCLUDE_IN_FRAMEWORK_HEADER = YES;
				CLANG_WARN_RANGE_LOOP_ANALYSIS = YES;
				CLANG_WARN_STRICT_PROTOTYPES = YES;
				CLANG_WARN_SUSPICIOUS_MOVE = YES;
				CLANG_WARN_UNGUARDED_AVAILABILITY = YES_AGGRESSIVE;
				CLANG_WARN_UNREACHABLE_CODE = YES;
				CLANG_WARN__DUPLICATE_METHOD_MATCH = YES;
				COPY_PHASE_STRIP = NO;
				DEBUG_INFORMATION_FORMAT = "dwarf-with-dsym";
				ENABLE_NS_ASSERTIONS = NO;
				ENABLE_STRICT_OBJC_MSGSEND = YES;
				GCC_C_LANGUAGE_STANDARD = gnu11;
				GCC_NO_COMMON_BLOCKS = YES;
				GCC_WARN_64_TO_32_BIT_CONVERSION = YES;
				GCC_WARN_ABOUT_RETURN_TYPE = YES_ERROR;
				GCC_WARN_UNDECLARED_SELECTOR = YES;
				GCC_WARN_UNINITIALIZED_AUTOS = YES_AGGRESSIVE;
				GCC_WARN_UNUSED_FUNCTION = YES;
				GCC_WARN_UNUSED_VARIABLE = YES;
				MACOSX_DEPLOYMENT_TARGET = 12.3;
				MTL_ENABLE_DEBUG_INFO = NO;
				MTL_FAST_MATH = YES;
				SDKROOT = macosx;
			};
			name = Release;
		};
		D75FC0BD27EE31FC0055A126 /* Debug */ = {
			isa = XCBuildConfiguration;
			buildSettings = {
				CODE_SIGN_STYLE = Automatic;
				PRODUCT_NAME = "$(TARGET_NAME)";
			};
			name = Debug;
		};
		D75FC0BE27EE31FC0055A126 /* Release */ = {
			isa = XCBuildConfiguration;
			buildSettings = {
				CODE_SIGN_STYLE = Automatic;
				PRODUCT_NAME = "$(TARGET_NAME)";
			};
			name = Release;
		};
/* End XCBuildConfiguration section */

/* Begin XCConfigurationList section */
		D75FC0B027EE31FC0055A126 /* Build configuration list for PBXProject "tema6" */ = {
			isa = XCConfigurationList;
			buildConfigurations = (
				D75FC0BA27EE31FC0055A126 /* Debug */,
				D75FC0BB27EE31FC0055A126 /* Release */,
			);
			defaultConfigurationIsVisible = 0;
			defaultConfigurationName = Release;
		};
		D75FC0BC27EE31FC0055A126 /* Build configuration list for PBXNativeTarget "tema6" */ = {
			isa = XCConfigurationList;
			buildConfigurations = (
				D75FC0BD27EE31FC0055A126 /* Debug */,
				D75FC0BE27EE31FC0055A126 /* Release */,
			);
			defaultConfigurationIsVisible = 0;
			defaultConfigurationName = Release;
		};
/* End XCConfigurationList section */
	};
	rootObject = D75FC0AD27EE31FC0055A126 /* Project object */;
}
